
Microsoft Visual Studio Solution File, Format Version 12.00
# Visual Studio Version 17
VisualStudioVersion = 17.4.33205.214
MinimumVisualStudioVersion = 10.0.40219.1
Project("{FAE04EC0-301F-11D3-BF4B-00C04F79EFBC}") = "eTickets", "eTickets\eTickets.csproj", "{B6BD9DA0-0C32-4C29-B6FC-CF01F2C58624}"
EndProject
Global
	GlobalSection(SolutionConfigurationPlatforms) = preSolution
		Debug|Any CPU = Debug|Any CPU
		Release|Any CPU = Release|Any CPU
	EndGlobalSection
	GlobalSection(ProjectConfigurationPlatforms) = postSolution
		{B6BD9DA0-0C32-4C29-B6FC-CF01F2C58624}.Debug|Any CPU.ActiveCfg = Debug|Any CPU
		{B6BD9DA0-0C32-4C29-B6FC-CF01F2C58624}.Debug|Any CPU.Build.0 = Debug|Any CPU
		{B6BD9DA0-0C32-4C29-B6FC-CF01F2C58624}.Release|Any CPU.ActiveCfg = Release|Any CPU
		{B6BD9DA0-0C32-4C29-B6FC-CF01F2C58624}.Release|Any CPU.Build.0 = Release|Any CPU
	EndGlobalSection
	GlobalSection(SolutionProperties) = preSolution
		HideSolutionNode = FALSE
	EndGlobalSection
	GlobalSection(ExtensibilityGlobals) = postSolution
		SolutionGuid = {20D06A08-9969-46E6-9FE5-A7D6F26DCA18}
	EndGlobalSection
EndGlobal
